
Microsoft Visual Studio Solution File, Format Version 12.00
# Visual Studio 14
VisualStudioVersion = 14.0.25420.1
MinimumVisualStudioVersion = 10.0.40219.1
Project("{FAE04EC0-301F-11D3-BF4B-00C04F79EFBC}") = "kayttoliittymaohjelmointi", "kayttoliittymaohjelmointi\kayttoliittymaohjelmointi.csproj", "{081EEA49-7B6B-4BC9-BDD1-CD5BD39E0A45}"
EndProject
Project("{2150E333-8FDC-42A3-9474-1A3956D46DE8}") = "aa__kakka", "aa__kakka", "{4E6F2896-7402-47D0-A4A2-403E3A1E7D74}"
EndProject
Project("{FAE04EC0-301F-11D3-BF4B-00C04F79EFBC}") = "Labra_9_tehtava_1", "Labra_9_tehtava_1\Labra_9_tehtava_1.csproj", "{2B2F49E6-41CF-4650-A0BA-9AEA8D81942C}"
EndProject
Project("{2150E333-8FDC-42A3-9474-1A3956D46DE8}") = "Labra 9", "Labra 9", "{A121288B-F1B8-4ED7-805C-ABA1B632BA15}"
EndProject
Project("{FAE04EC0-301F-11D3-BF4B-00C04F79EFBC}") = "Labra_9_Tehtava_2", "Labra_9_Tehtava_2\Labra_9_Tehtava_2.csproj", "{E2F6FE60-062B-45F2-BB51-7B89C2E4C8E7}"
EndProject
Project("{FAE04EC0-301F-11D3-BF4B-00C04F79EFBC}") = "Labra_9_Tehtava_3", "Labra_9_Tehtava_3\Labra_9_Tehtava_3.csproj", "{4CF6BE04-25C6-4F51-85AA-FF1862C1F7CE}"
EndProject
Project("{2150E333-8FDC-42A3-9474-1A3956D46DE8}") = "Labra 10", "Labra 10", "{7FDE2359-1D78-4912-AE53-F2F0247E5349}"
EndProject
Project("{FAE04EC0-301F-11D3-BF4B-00C04F79EFBC}") = "Labra_10_Tehtava_1", "Labra_10_Tehtava_1\Labra_10_Tehtava_1.csproj", "{0F7E2FB0-AED5-4EDD-A222-D2AD45B241F7}"
EndProject
Project("{FAE04EC0-301F-11D3-BF4B-00C04F79EFBC}") = "polyline", "polyline\polyline.csproj", "{81F5850F-0FC9-497B-9155-87D7D5F56F2C}"
EndProject
Project("{FAE04EC0-301F-11D3-BF4B-00C04F79EFBC}") = "Labra_10_Tehtava_2", "Labra_10_Tehtava_2\Labra_10_Tehtava_2.csproj", "{B2B86A4D-BDBE-4160-A003-B9B70CD848D9}"
EndProject
Project("{FAE04EC0-301F-11D3-BF4B-00C04F79EFBC}") = "Labra_10_tehtava_3", "Labra_10_tehtava_3\Labra_10_tehtava_3.csproj", "{01F0FDDA-84FC-4497-BD57-4CFB3D8E38D4}"
EndProject
Project("{FAE04EC0-301F-11D3-BF4B-00C04F79EFBC}") = "Labra_10_tehtava_3Tests", "Labra_10_tehtava_3Tests\Labra_10_tehtava_3Tests.csproj", "{9CE0D937-AE0C-4FD5-A190-D02A50A45E00}"
EndProject
Global
	GlobalSection(SolutionConfigurationPlatforms) = preSolution
		Debug|Any CPU = Debug|Any CPU
		Release|Any CPU = Release|Any CPU
	EndGlobalSection
	GlobalSection(ProjectConfigurationPlatforms) = postSolution
		{081EEA49-7B6B-4BC9-BDD1-CD5BD39E0A45}.Debug|Any CPU.ActiveCfg = Debug|Any CPU
		{081EEA49-7B6B-4BC9-BDD1-CD5BD39E0A45}.Debug|Any CPU.Build.0 = Debug|Any CPU
		{081EEA49-7B6B-4BC9-BDD1-CD5BD39E0A45}.Release|Any CPU.ActiveCfg = Release|Any CPU
		{081EEA49-7B6B-4BC9-BDD1-CD5BD39E0A45}.Release|Any CPU.Build.0 = Release|Any CPU
		{2B2F49E6-41CF-4650-A0BA-9AEA8D81942C}.Debug|Any CPU.ActiveCfg = Debug|Any CPU
		{2B2F49E6-41CF-4650-A0BA-9AEA8D81942C}.Debug|Any CPU.Build.0 = Debug|Any CPU
		{2B2F49E6-41CF-4650-A0BA-9AEA8D81942C}.Release|Any CPU.ActiveCfg = Release|Any CPU
		{2B2F49E6-41CF-4650-A0BA-9AEA8D81942C}.Release|Any CPU.Build.0 = Release|Any CPU
		{E2F6FE60-062B-45F2-BB51-7B89C2E4C8E7}.Debug|Any CPU.ActiveCfg = Debug|Any CPU
		{E2F6FE60-062B-45F2-BB51-7B89C2E4C8E7}.Debug|Any CPU.Build.0 = Debug|Any CPU
		{E2F6FE60-062B-45F2-BB51-7B89C2E4C8E7}.Release|Any CPU.ActiveCfg = Release|Any CPU
		{E2F6FE60-062B-45F2-BB51-7B89C2E4C8E7}.Release|Any CPU.Build.0 = Release|Any CPU
		{4CF6BE04-25C6-4F51-85AA-FF1862C1F7CE}.Debug|Any CPU.ActiveCfg = Debug|Any CPU
		{4CF6BE04-25C6-4F51-85AA-FF1862C1F7CE}.Debug|Any CPU.Build.0 = Debug|Any CPU
		{4CF6BE04-25C6-4F51-85AA-FF1862C1F7CE}.Release|Any CPU.ActiveCfg = Release|Any CPU
		{4CF6BE04-25C6-4F51-85AA-FF1862C1F7CE}.Release|Any CPU.Build.0 = Release|Any CPU
		{0F7E2FB0-AED5-4EDD-A222-D2AD45B241F7}.Debug|Any CPU.ActiveCfg = Debug|Any CPU
		{0F7E2FB0-AED5-4EDD-A222-D2AD45B241F7}.Debug|Any CPU.Build.0 = Debug|Any CPU
		{0F7E2FB0-AED5-4EDD-A222-D2AD45B241F7}.Release|Any CPU.ActiveCfg = Release|Any CPU
		{0F7E2FB0-AED5-4EDD-A222-D2AD45B241F7}.Release|Any CPU.Build.0 = Release|Any CPU
		{81F5850F-0FC9-497B-9155-87D7D5F56F2C}.Debug|Any CPU.ActiveCfg = Debug|Any CPU
		{81F5850F-0FC9-497B-9155-87D7D5F56F2C}.Debug|Any CPU.Build.0 = Debug|Any CPU
		{81F5850F-0FC9-497B-9155-87D7D5F56F2C}.Release|Any CPU.ActiveCfg = Release|Any CPU
		{81F5850F-0FC9-497B-9155-87D7D5F56F2C}.Release|Any CPU.Build.0 = Release|Any CPU
		{B2B86A4D-BDBE-4160-A003-B9B70CD848D9}.Debug|Any CPU.ActiveCfg = Debug|Any CPU
		{B2B86A4D-BDBE-4160-A003-B9B70CD848D9}.Debug|Any CPU.Build.0 = Debug|Any CPU
		{B2B86A4D-BDBE-4160-A003-B9B70CD848D9}.Release|Any CPU.ActiveCfg = Release|Any CPU
		{B2B86A4D-BDBE-4160-A003-B9B70CD848D9}.Release|Any CPU.Build.0 = Release|Any CPU
		{01F0FDDA-84FC-4497-BD57-4CFB3D8E38D4}.Debug|Any CPU.ActiveCfg = Debug|Any CPU
		{01F0FDDA-84FC-4497-BD57-4CFB3D8E38D4}.Debug|Any CPU.Build.0 = Debug|Any CPU
		{01F0FDDA-84FC-4497-BD57-4CFB3D8E38D4}.Release|Any CPU.ActiveCfg = Release|Any CPU
		{01F0FDDA-84FC-4497-BD57-4CFB3D8E38D4}.Release|Any CPU.Build.0 = Release|Any CPU
		{9CE0D937-AE0C-4FD5-A190-D02A50A45E00}.Debug|Any CPU.ActiveCfg = Debug|Any CPU
		{9CE0D937-AE0C-4FD5-A190-D02A50A45E00}.Debug|Any CPU.Build.0 = Debug|Any CPU
		{9CE0D937-AE0C-4FD5-A190-D02A50A45E00}.Release|Any CPU.ActiveCfg = Release|Any CPU
		{9CE0D937-AE0C-4FD5-A190-D02A50A45E00}.Release|Any CPU.Build.0 = Release|Any CPU
	EndGlobalSection
	GlobalSection(SolutionProperties) = preSolution
		HideSolutionNode = FALSE
	EndGlobalSection
	GlobalSection(NestedProjects) = preSolution
		{081EEA49-7B6B-4BC9-BDD1-CD5BD39E0A45} = {4E6F2896-7402-47D0-A4A2-403E3A1E7D74}
		{2B2F49E6-41CF-4650-A0BA-9AEA8D81942C} = {A121288B-F1B8-4ED7-805C-ABA1B632BA15}
		{E2F6FE60-062B-45F2-BB51-7B89C2E4C8E7} = {A121288B-F1B8-4ED7-805C-ABA1B632BA15}
		{4CF6BE04-25C6-4F51-85AA-FF1862C1F7CE} = {A121288B-F1B8-4ED7-805C-ABA1B632BA15}
		{0F7E2FB0-AED5-4EDD-A222-D2AD45B241F7} = {7FDE2359-1D78-4912-AE53-F2F0247E5349}
		{B2B86A4D-BDBE-4160-A003-B9B70CD848D9} = {7FDE2359-1D78-4912-AE53-F2F0247E5349}
		{01F0FDDA-84FC-4497-BD57-4CFB3D8E38D4} = {7FDE2359-1D78-4912-AE53-F2F0247E5349}
	EndGlobalSection
EndGlobal
